
Microsoft Visual Studio Solution File, Format Version 12.00
# Visual Studio Version 16
VisualStudioVersion = 16.0.31005.135
MinimumVisualStudioVersion = 10.0.40219.1
Project("{FAE04EC0-301F-11D3-BF4B-00C04F79EFBC}") = "TicTacToe", "TicTacToe\TicTacToe.csproj", "{0E22E7EE-6CB4-4B7F-9EC5-E47642F3C1C4}"
EndProject
Global
	GlobalSection(SolutionConfigurationPlatforms) = preSolution
		Debug|Any CPU = Debug|Any CPU
		Release|Any CPU = Release|Any CPU
	EndGlobalSection
	GlobalSection(ProjectConfigurationPlatforms) = postSolution
		{0E22E7EE-6CB4-4B7F-9EC5-E47642F3C1C4}.Debug|Any CPU.ActiveCfg = Debug|Any CPU
		{0E22E7EE-6CB4-4B7F-9EC5-E47642F3C1C4}.Debug|Any CPU.Build.0 = Debug|Any CPU
		{0E22E7EE-6CB4-4B7F-9EC5-E47642F3C1C4}.Release|Any CPU.ActiveCfg = Release|Any CPU
		{0E22E7EE-6CB4-4B7F-9EC5-E47642F3C1C4}.Release|Any CPU.Build.0 = Release|Any CPU
	EndGlobalSection
	GlobalSection(SolutionProperties) = preSolution
		HideSolutionNode = FALSE
	EndGlobalSection
	GlobalSection(ExtensibilityGlobals) = postSolution
		SolutionGuid = {B00EE73C-4FEA-4C68-B11D-6DD67094D4BB}
	EndGlobalSection
EndGlobal
